
Microsoft Visual Studio Solution File, Format Version 12.00
# Visual Studio Version 17
VisualStudioVersion = 17.13.35919.96 d17.13
MinimumVisualStudioVersion = 10.0.40219.1
Project("{FAE04EC0-301F-11D3-BF4B-00C04F79EFBC}") = "EkstreToparlama", "EkstreToparlama\EkstreToparlama.csproj", "{13D48AD7-1CC8-4C6E-9172-358CB463DD7B}"
EndProject
Global
	GlobalSection(SolutionConfigurationPlatforms) = preSolution
		Debug|Any CPU = Debug|Any CPU
		Release|Any CPU = Release|Any CPU
	EndGlobalSection
	GlobalSection(ProjectConfigurationPlatforms) = postSolution
		{13D48AD7-1CC8-4C6E-9172-358CB463DD7B}.Debug|Any CPU.ActiveCfg = Debug|Any CPU
		{13D48AD7-1CC8-4C6E-9172-358CB463DD7B}.Debug|Any CPU.Build.0 = Debug|Any CPU
		{13D48AD7-1CC8-4C6E-9172-358CB463DD7B}.Release|Any CPU.ActiveCfg = Release|Any CPU
		{13D48AD7-1CC8-4C6E-9172-358CB463DD7B}.Release|Any CPU.Build.0 = Release|Any CPU
	EndGlobalSection
	GlobalSection(SolutionProperties) = preSolution
		HideSolutionNode = FALSE
	EndGlobalSection
	GlobalSection(ExtensibilityGlobals) = postSolution
		SolutionGuid = {C89426F0-342B-477F-9A68-CCC922F20DD7}
	EndGlobalSection
EndGlobal
